{
  "name": "webscraping",
  "version": "1.0.0",
  "lockfileVersion": 3,
  "requires": true,
  "packages": {
    "": {
      "name": "webscraping",
      "version": "1.0.0",
      "license": "ISC",
      "dependencies": {
        "qoa": "^0.2.0"
      }
    },
    "node_modules/qoa": {
      "version": "0.2.0",
      "resolved": "https://registry.npmjs.org/qoa/-/qoa-0.2.0.tgz",
      "integrity": "sha512-svEO3uevNU354fUBWgMxGJH0spF29EZRe140YL20PP+5C25V+u0eMeFforSIiop2879uXgxI+IFwibHBGcseEA==",
      "engines": {
        "node": ">=6"
      }
    }
  }
}
